// !$*UTF8*$!
{
	archiveVersion = 1;
	classes = {
	};
	objectVersion = 77;
	objects = {

/* Begin PBXBuildFile section */
		7BB376022CF1ABE10065EE7F /* .gitignore in Resources */ = {isa = PBXBuildFile; fileRef = 7BB376012CF1ABE10065EE7F /* .gitignore */; };
		7BB376122CF1ACB60065EE7F /* ComposableArchitecture in Frameworks */ = {isa = PBXBuildFile; productRef = 7BB376112CF1ACB60065EE7F /* ComposableArchitecture */; };
		7BB376152CF1ACC00065EE7F /* Kingfisher in Frameworks */ = {isa = PBXBuildFile; productRef = 7BB376142CF1ACC00065EE7F /* Kingfisher */; };
		7BB376182CF1ACD70065EE7F /* Alamofire in Frameworks */ = {isa = PBXBuildFile; productRef = 7BB376172CF1ACD70065EE7F /* Alamofire */; };
		7BB3761B2CF1ACEA0065EE7F /* TCACoordinators in Frameworks */ = {isa = PBXBuildFile; productRef = 7BB3761A2CF1ACEA0065EE7F /* TCACoordinators */; };
		7BB376232CF1ADE40065EE7F /* RealmSwift in Frameworks */ = {isa = PBXBuildFile; productRef = 7BB376222CF1ADE40065EE7F /* RealmSwift */; };
		7BB377122CF229B10065EE7F /* PopupView in Frameworks */ = {isa = PBXBuildFile; productRef = 7BB377112CF229B10065EE7F /* PopupView */; };
/* End PBXBuildFile section */

/* Begin PBXFileReference section */
		7BB375EE2CF1AB880065EE7F /* DecemberFlower.app */ = {isa = PBXFileReference; explicitFileType = wrapper.application; includeInIndex = 0; path = DecemberFlower.app; sourceTree = BUILT_PRODUCTS_DIR; };
		7BB376012CF1ABE10065EE7F /* .gitignore */ = {isa = PBXFileReference; lastKnownFileType = text; path = .gitignore; sourceTree = "<group>"; };
/* End PBXFileReference section */

/* Begin PBXFileSystemSynchronizedBuildFileExceptionSet section */
		DF0A655D2CF1E63100E94C78 /* Exceptions for "DecemberFlower" folder in "DecemberFlower" target */ = {
			isa = PBXFileSystemSynchronizedBuildFileExceptionSet;
			membershipExceptions = (
				Info.plist,
			);
			target = 7BB375ED2CF1AB880065EE7F /* DecemberFlower */;
		};
/* End PBXFileSystemSynchronizedBuildFileExceptionSet section */

/* Begin PBXFileSystemSynchronizedRootGroup section */
		7BB375F02CF1AB880065EE7F /* DecemberFlower */ = {
			isa = PBXFileSystemSynchronizedRootGroup;
			exceptions = (
				DF0A655D2CF1E63100E94C78 /* Exceptions for "DecemberFlower" folder in "DecemberFlower" target */,
			);
			path = DecemberFlower;
			sourceTree = "<group>";
		};
/* End PBXFileSystemSynchronizedRootGroup section */

/* Begin PBXFrameworksBuildPhase section */
		7BB375EB2CF1AB880065EE7F /* Frameworks */ = {
			isa = PBXFrameworksBuildPhase;
			buildActionMask = 2147483647;
			files = (
				7BB377122CF229B10065EE7F /* PopupView in Frameworks */,
				7BB376182CF1ACD70065EE7F /* Alamofire in Frameworks */,
				7BB376152CF1ACC00065EE7F /* Kingfisher in Frameworks */,
				7BB3761B2CF1ACEA0065EE7F /* TCACoordinators in Frameworks */,
				7BB376232CF1ADE40065EE7F /* RealmSwift in Frameworks */,
				7BB376122CF1ACB60065EE7F /* ComposableArchitecture in Frameworks */,
			);
			runOnlyForDeploymentPostprocessing = 0;
		};
/* End PBXFrameworksBuildPhase section */

/* Begin PBXGroup section */
		7BB375E52CF1AB880065EE7F = {
			isa = PBXGroup;
			children = (
				7BB376012CF1ABE10065EE7F /* .gitignore */,
				7BB375F02CF1AB880065EE7F /* DecemberFlower */,
				7BB375EF2CF1AB880065EE7F /* Products */,
			);
			sourceTree = "<group>";
		};
		7BB375EF2CF1AB880065EE7F /* Products */ = {
			isa = PBXGroup;
			children = (
				7BB375EE2CF1AB880065EE7F /* DecemberFlower.app */,
			);
			name = Products;
			sourceTree = "<group>";
		};
/* End PBXGroup section */

/* Begin PBXNativeTarget section */
		7BB375ED2CF1AB880065EE7F /* DecemberFlower */ = {
			isa = PBXNativeTarget;
			buildConfigurationList = 7BB375FC2CF1AB8A0065EE7F /* Build configuration list for PBXNativeTarget "DecemberFlower" */;
			buildPhases = (
				7BB375EA2CF1AB880065EE7F /* Sources */,
				7BB375EB2CF1AB880065EE7F /* Frameworks */,
				7BB375EC2CF1AB880065EE7F /* Resources */,
			);
			buildRules = (
			);
			dependencies = (
			);
			fileSystemSynchronizedGroups = (
				7BB375F02CF1AB880065EE7F /* DecemberFlower */,
			);
			name = DecemberFlower;
			packageProductDependencies = (
				7BB376112CF1ACB60065EE7F /* ComposableArchitecture */,
				7BB376142CF1ACC00065EE7F /* Kingfisher */,
				7BB376172CF1ACD70065EE7F /* Alamofire */,
				7BB3761A2CF1ACEA0065EE7F /* TCACoordinators */,
				7BB376222CF1ADE40065EE7F /* RealmSwift */,
				7BB377112CF229B10065EE7F /* PopupView */,
			);
			productName = DecemberFlower;
			productReference = 7BB375EE2CF1AB880065EE7F /* DecemberFlower.app */;
			productType = "com.apple.product-type.application";
		};
/* End PBXNativeTarget section */

/* Begin PBXProject section */
		7BB375E62CF1AB880065EE7F /* Project object */ = {
			isa = PBXProject;
			attributes = {
				BuildIndependentTargetsInParallel = 1;
				LastSwiftUpdateCheck = 1610;
				LastUpgradeCheck = 1610;
				TargetAttributes = {
					7BB375ED2CF1AB880065EE7F = {
						CreatedOnToolsVersion = 16.1;
					};
				};
			};
			buildConfigurationList = 7BB375E92CF1AB880065EE7F /* Build configuration list for PBXProject "DecemberFlower" */;
			developmentRegion = en;
			hasScannedForEncodings = 0;
			knownRegions = (
				en,
				Base,
			);
			mainGroup = 7BB375E52CF1AB880065EE7F;
			minimizedProjectReferenceProxies = 1;
			packageReferences = (
				7BB376102CF1ACB60065EE7F /* XCRemoteSwiftPackageReference "swift-composable-architecture" */,
				7BB376132CF1ACC00065EE7F /* XCRemoteSwiftPackageReference "Kingfisher" */,
				7BB376162CF1ACD70065EE7F /* XCRemoteSwiftPackageReference "Alamofire" */,
				7BB376192CF1ACEA0065EE7F /* XCRemoteSwiftPackageReference "TCACoordinators" */,
				7BB376212CF1ADE40065EE7F /* XCRemoteSwiftPackageReference "realm-swift" */,
				7BB377102CF229B10065EE7F /* XCRemoteSwiftPackageReference "PopupView" */,
			);
			preferredProjectObjectVersion = 77;
			productRefGroup = 7BB375EF2CF1AB880065EE7F /* Products */;
			projectDirPath = "";
			projectRoot = "";
			targets = (
				7BB375ED2CF1AB880065EE7F /* DecemberFlower */,
			);
		};
/* End PBXProject section */

/* Begin PBXResourcesBuildPhase section */
		7BB375EC2CF1AB880065EE7F /* Resources */ = {
			isa = PBXResourcesBuildPhase;
			buildActionMask = 2147483647;
			files = (
				7BB376022CF1ABE10065EE7F /* .gitignore in Resources */,
			);
			runOnlyForDeploymentPostprocessing = 0;
		};
/* End PBXResourcesBuildPhase section */

/* Begin PBXSourcesBuildPhase section */
		7BB375EA2CF1AB880065EE7F /* Sources */ = {
			isa = PBXSourcesBuildPhase;
			buildActionMask = 2147483647;
			files = (
			);
			runOnlyForDeploymentPostprocessing = 0;
		};
/* End PBXSourcesBuildPhase section */

/* Begin XCBuildConfiguration section */
		7BB375FA2CF1AB8A0065EE7F /* Debug */ = {
			isa = XCBuildConfiguration;
			buildSettings = {
				ALWAYS_SEARCH_USER_PATHS = NO;
				ASSETCATALOG_COMPILER_GENERATE_SWIFT_ASSET_SYMBOL_EXTENSIONS = YES;
				CLANG_ANALYZER_NONNULL = YES;
				CLANG_ANALYZER_NUMBER_OBJECT_CONVERSION = YES_AGGRESSIVE;
				CLANG_CXX_LANGUAGE_STANDARD = "gnu++20";
				CLANG_ENABLE_MODULES = YES;
				CLANG_ENABLE_OBJC_ARC = YES;
				CLANG_ENABLE_OBJC_WEAK = YES;
				CLANG_WARN_BLOCK_CAPTURE_AUTORELEASING = YES;
				CLANG_WARN_BOOL_CONVERSION = YES;
				CLANG_WARN_COMMA = YES;
				CLANG_WARN_CONSTANT_CONVERSION = YES;
				CLANG_WARN_DEPRECATED_OBJC_IMPLEMENTATIONS = YES;
				CLANG_WARN_DIRECT_OBJC_ISA_USAGE = YES_ERROR;
				CLANG_WARN_DOCUMENTATION_COMMENTS = YES;
				CLANG_WARN_EMPTY_BODY = YES;
				CLANG_WARN_ENUM_CONVERSION = YES;
				CLANG_WARN_INFINITE_RECURSION = YES;
				CLANG_WARN_INT_CONVERSION = YES;
				CLANG_WARN_NON_LITERAL_NULL_CONVERSION = YES;
				CLANG_WARN_OBJC_IMPLICIT_RETAIN_SELF = YES;
				CLANG_WARN_OBJC_LITERAL_CONVERSION = YES;
				CLANG_WARN_OBJC_ROOT_CLASS = YES_ERROR;
				CLANG_WARN_QUOTED_INCLUDE_IN_FRAMEWORK_HEADER = YES;
				CLANG_WARN_RANGE_LOOP_ANALYSIS = YES;
				CLANG_WARN_STRICT_PROTOTYPES = YES;
				CLANG_WARN_SUSPICIOUS_MOVE = YES;
				CLANG_WARN_UNGUARDED_AVAILABILITY = YES_AGGRESSIVE;
				CLANG_WARN_UNREACHABLE_CODE = YES;
				CLANG_WARN__DUPLICATE_METHOD_MATCH = YES;
				COPY_PHASE_STRIP = NO;
				DEBUG_INFORMATION_FORMAT = dwarf;
				ENABLE_STRICT_OBJC_MSGSEND = YES;
				ENABLE_TESTABILITY = YES;
				ENABLE_USER_SCRIPT_SANDBOXING = YES;
				GCC_C_LANGUAGE_STANDARD = gnu17;
				GCC_DYNAMIC_NO_PIC = NO;
				GCC_NO_COMMON_BLOCKS = YES;
				GCC_OPTIMIZATION_LEVEL = 0;
				GCC_PREPROCESSOR_DEFINITIONS = (
					"DEBUG=1",
					"$(inherited)",
				);
				GCC_WARN_64_TO_32_BIT_CONVERSION = YES;
				GCC_WARN_ABOUT_RETURN_TYPE = YES_ERROR;
				GCC_WARN_UNDECLARED_SELECTOR = YES;
				GCC_WARN_UNINITIALIZED_AUTOS = YES_AGGRESSIVE;
				GCC_WARN_UNUSED_FUNCTION = YES;
				GCC_WARN_UNUSED_VARIABLE = YES;
				IPHONEOS_DEPLOYMENT_TARGET = 18.1;
				LOCALIZATION_PREFERS_STRING_CATALOGS = YES;
				MTL_ENABLE_DEBUG_INFO = INCLUDE_SOURCE;
				MTL_FAST_MATH = YES;
				ONLY_ACTIVE_ARCH = YES;
				SDKROOT = iphoneos;
				SWIFT_ACTIVE_COMPILATION_CONDITIONS = "DEBUG $(inherited)";
				SWIFT_OPTIMIZATION_LEVEL = "-Onone";
			};
			name = Debug;
		};
		7BB375FB2CF1AB8A0065EE7F /* Release */ = {
			isa = XCBuildConfiguration;
			buildSettings = {
				ALWAYS_SEARCH_USER_PATHS = NO;
				ASSETCATALOG_COMPILER_GENERATE_SWIFT_ASSET_SYMBOL_EXTENSIONS = YES;
				CLANG_ANALYZER_NONNULL = YES;
				CLANG_ANALYZER_NUMBER_OBJECT_CONVERSION = YES_AGGRESSIVE;
				CLANG_CXX_LANGUAGE_STANDARD = "gnu++20";
				CLANG_ENABLE_MODULES = YES;
				CLANG_ENABLE_OBJC_ARC = YES;
				CLANG_ENABLE_OBJC_WEAK = YES;
				CLANG_WARN_BLOCK_CAPTURE_AUTORELEASING = YES;
				CLANG_WARN_BOOL_CONVERSION = YES;
				CLANG_WARN_COMMA = YES;
				CLANG_WARN_CONSTANT_CONVERSION = YES;
				CLANG_WARN_DEPRECATED_OBJC_IMPLEMENTATIONS = YES;
				CLANG_WARN_DIRECT_OBJC_ISA_USAGE = YES_ERROR;
				CLANG_WARN_DOCUMENTATION_COMMENTS = YES;
				CLANG_WARN_EMPTY_BODY = YES;
				CLANG_WARN_ENUM_CONVERSION = YES;
				CLANG_WARN_INFINITE_RECURSION = YES;
				CLANG_WARN_INT_CONVERSION = YES;
				CLANG_WARN_NON_LITERAL_NULL_CONVERSION = YES;
				CLANG_WARN_OBJC_IMPLICIT_RETAIN_SELF = YES;
				CLANG_WARN_OBJC_LITERAL_CONVERSION = YES;
				CLANG_WARN_OBJC_ROOT_CLASS = YES_ERROR;
				CLANG_WARN_QUOTED_INCLUDE_IN_FRAMEWORK_HEADER = YES;
				CLANG_WARN_RANGE_LOOP_ANALYSIS = YES;
				CLANG_WARN_STRICT_PROTOTYPES = YES;
				CLANG_WARN_SUSPICIOUS_MOVE = YES;
				CLANG_WARN_UNGUARDED_AVAILABILITY = YES_AGGRESSIVE;
				CLANG_WARN_UNREACHABLE_CODE = YES;
				CLANG_WARN__DUPLICATE_METHOD_MATCH = YES;
				COPY_PHASE_STRIP = NO;
				DEBUG_INFORMATION_FORMAT = "dwarf-with-dsym";
				ENABLE_NS_ASSERTIONS = NO;
				ENABLE_STRICT_OBJC_MSGSEND = YES;
				ENABLE_USER_SCRIPT_SANDBOXING = YES;
				GCC_C_LANGUAGE_STANDARD = gnu17;
				GCC_NO_COMMON_BLOCKS = YES;
				GCC_WARN_64_TO_32_BIT_CONVERSION = YES;
				GCC_WARN_ABOUT_RETURN_TYPE = YES_ERROR;
				GCC_WARN_UNDECLARED_SELECTOR = YES;
				GCC_WARN_UNINITIALIZED_AUTOS = YES_AGGRESSIVE;
				GCC_WARN_UNUSED_FUNCTION = YES;
				GCC_WARN_UNUSED_VARIABLE = YES;
				IPHONEOS_DEPLOYMENT_TARGET = 18.1;
				LOCALIZATION_PREFERS_STRING_CATALOGS = YES;
				MTL_ENABLE_DEBUG_INFO = NO;
				MTL_FAST_MATH = YES;
				SDKROOT = iphoneos;
				SWIFT_COMPILATION_MODE = wholemodule;
				VALIDATE_PRODUCT = YES;
			};
			name = Release;
		};
		7BB375FD2CF1AB8A0065EE7F /* Debug */ = {
			isa = XCBuildConfiguration;
			buildSettings = {
				ASSETCATALOG_COMPILER_APPICON_NAME = AppIcon;
				ASSETCATALOG_COMPILER_GLOBAL_ACCENT_COLOR_NAME = AccentColor;
				CODE_SIGN_STYLE = Automatic;
				CURRENT_PROJECT_VERSION = 1;
				DEVELOPMENT_ASSET_PATHS = "\"DecemberFlower/Preview Content\"";
				DEVELOPMENT_TEAM = H25F4B7J4U;
				ENABLE_PREVIEWS = YES;
				GENERATE_INFOPLIST_FILE = YES;
				INFOPLIST_FILE = DecemberFlower/Info.plist;
				INFOPLIST_KEY_UIApplicationSceneManifest_Generation = YES;
				INFOPLIST_KEY_UIApplicationSupportsIndirectInputEvents = YES;
				INFOPLIST_KEY_UILaunchScreen_Generation = YES;
				INFOPLIST_KEY_UISupportedInterfaceOrientations = UIInterfaceOrientationPortrait;
				INFOPLIST_KEY_UISupportedInterfaceOrientations_iPad = "UIInterfaceOrientationLandscapeLeft UIInterfaceOrientationLandscapeRight UIInterfaceOrientationPortrait UIInterfaceOrientationPortraitUpsideDown";
				IPHONEOS_DEPLOYMENT_TARGET = 16.0;
				LD_RUNPATH_SEARCH_PATHS = (
					"$(inherited)",
					"@executable_path/Frameworks",
				);
				MARKETING_VERSION = 1.0;
				PRODUCT_BUNDLE_IDENTIFIER = LittleTail.DecemberFlower;
				PRODUCT_NAME = "$(TARGET_NAME)";
				SUPPORTED_PLATFORMS = "iphoneos iphonesimulator";
				SUPPORTS_MACCATALYST = NO;
				SUPPORTS_MAC_DESIGNED_FOR_IPHONE_IPAD = NO;
				SUPPORTS_XR_DESIGNED_FOR_IPHONE_IPAD = NO;
				SWIFT_EMIT_LOC_STRINGS = YES;
				SWIFT_VERSION = 5.0;
				TARGETED_DEVICE_FAMILY = 1;
			};
			name = Debug;
		};
		7BB375FE2CF1AB8A0065EE7F /* Release */ = {
			isa = XCBuildConfiguration;
			buildSettings = {
				ASSETCATALOG_COMPILER_APPICON_NAME = AppIcon;
				ASSETCATALOG_COMPILER_GLOBAL_ACCENT_COLOR_NAME = AccentColor;
				CODE_SIGN_STYLE = Automatic;
				CURRENT_PROJECT_VERSION = 1;
				DEVELOPMENT_ASSET_PATHS = "\"DecemberFlower/Preview Content\"";
				DEVELOPMENT_TEAM = H25F4B7J4U;
				ENABLE_PREVIEWS = YES;
				GENERATE_INFOPLIST_FILE = YES;
				INFOPLIST_FILE = DecemberFlower/Info.plist;
				INFOPLIST_KEY_UIApplicationSceneManifest_Generation = YES;
				INFOPLIST_KEY_UIApplicationSupportsIndirectInputEvents = YES;
				INFOPLIST_KEY_UILaunchScreen_Generation = YES;
				INFOPLIST_KEY_UISupportedInterfaceOrientations = UIInterfaceOrientationPortrait;
				INFOPLIST_KEY_UISupportedInterfaceOrientations_iPad = "UIInterfaceOrientationLandscapeLeft UIInterfaceOrientationLandscapeRight UIInterfaceOrientationPortrait UIInterfaceOrientationPortraitUpsideDown";
				IPHONEOS_DEPLOYMENT_TARGET = 16.0;
				LD_RUNPATH_SEARCH_PATHS = (
					"$(inherited)",
					"@executable_path/Frameworks",
				);
				MARKETING_VERSION = 1.0;
				PRODUCT_BUNDLE_IDENTIFIER = LittleTail.DecemberFlower;
				PRODUCT_NAME = "$(TARGET_NAME)";
				SUPPORTED_PLATFORMS = "iphoneos iphonesimulator";
				SUPPORTS_MACCATALYST = NO;
				SUPPORTS_MAC_DESIGNED_FOR_IPHONE_IPAD = NO;
				SUPPORTS_XR_DESIGNED_FOR_IPHONE_IPAD = NO;
				SWIFT_EMIT_LOC_STRINGS = YES;
				SWIFT_VERSION = 5.0;
				TARGETED_DEVICE_FAMILY = 1;
			};
			name = Release;
		};
/* End XCBuildConfiguration section */

/* Begin XCConfigurationList section */
		7BB375E92CF1AB880065EE7F /* Build configuration list for PBXProject "DecemberFlower" */ = {
			isa = XCConfigurationList;
			buildConfigurations = (
				7BB375FA2CF1AB8A0065EE7F /* Debug */,
				7BB375FB2CF1AB8A0065EE7F /* Release */,
			);
			defaultConfigurationIsVisible = 0;
			defaultConfigurationName = Release;
		};
		7BB375FC2CF1AB8A0065EE7F /* Build configuration list for PBXNativeTarget "DecemberFlower" */ = {
			isa = XCConfigurationList;
			buildConfigurations = (
				7BB375FD2CF1AB8A0065EE7F /* Debug */,
				7BB375FE2CF1AB8A0065EE7F /* Release */,
			);
			defaultConfigurationIsVisible = 0;
			defaultConfigurationName = Release;
		};
/* End XCConfigurationList section */

/* Begin XCRemoteSwiftPackageReference section */
		7BB376102CF1ACB60065EE7F /* XCRemoteSwiftPackageReference "swift-composable-architecture" */ = {
			isa = XCRemoteSwiftPackageReference;
			repositoryURL = "https://github.com/pointfreeco/swift-composable-architecture.git";
			requirement = {
				kind = upToNextMajorVersion;
				minimumVersion = 1.16.1;
			};
		};
		7BB376132CF1ACC00065EE7F /* XCRemoteSwiftPackageReference "Kingfisher" */ = {
			isa = XCRemoteSwiftPackageReference;
			repositoryURL = "https://github.com/onevcat/Kingfisher.git";
			requirement = {
				kind = upToNextMajorVersion;
				minimumVersion = 8.1.1;
			};
		};
		7BB376162CF1ACD70065EE7F /* XCRemoteSwiftPackageReference "Alamofire" */ = {
			isa = XCRemoteSwiftPackageReference;
			repositoryURL = "https://github.com/Alamofire/Alamofire.git";
			requirement = {
				kind = upToNextMajorVersion;
				minimumVersion = 5.10.1;
			};
		};
		7BB376192CF1ACEA0065EE7F /* XCRemoteSwiftPackageReference "TCACoordinators" */ = {
			isa = XCRemoteSwiftPackageReference;
			repositoryURL = "https://github.com/johnpatrickmorgan/TCACoordinators";
			requirement = {
				kind = upToNextMajorVersion;
				minimumVersion = 0.10.1;
			};
		};
		7BB376212CF1ADE40065EE7F /* XCRemoteSwiftPackageReference "realm-swift" */ = {
			isa = XCRemoteSwiftPackageReference;
			repositoryURL = "https://github.com/realm/realm-swift.git";
			requirement = {
				kind = exactVersion;
				version = 10.54.0;
			};
		};
		7BB377102CF229B10065EE7F /* XCRemoteSwiftPackageReference "PopupView" */ = {
			isa = XCRemoteSwiftPackageReference;
			repositoryURL = "https://github.com/exyte/PopupView";
			requirement = {
				kind = upToNextMajorVersion;
				minimumVersion = 3.1.4;
			};
		};
/* End XCRemoteSwiftPackageReference section */

/* Begin XCSwiftPackageProductDependency section */
		7BB376112CF1ACB60065EE7F /* ComposableArchitecture */ = {
			isa = XCSwiftPackageProductDependency;
			package = 7BB376102CF1ACB60065EE7F /* XCRemoteSwiftPackageReference "swift-composable-architecture" */;
			productName = ComposableArchitecture;
		};
		7BB376142CF1ACC00065EE7F /* Kingfisher */ = {
			isa = XCSwiftPackageProductDependency;
			package = 7BB376132CF1ACC00065EE7F /* XCRemoteSwiftPackageReference "Kingfisher" */;
			productName = Kingfisher;
		};
		7BB376172CF1ACD70065EE7F /* Alamofire */ = {
			isa = XCSwiftPackageProductDependency;
			package = 7BB376162CF1ACD70065EE7F /* XCRemoteSwiftPackageReference "Alamofire" */;
			productName = Alamofire;
		};
		7BB3761A2CF1ACEA0065EE7F /* TCACoordinators */ = {
			isa = XCSwiftPackageProductDependency;
			package = 7BB376192CF1ACEA0065EE7F /* XCRemoteSwiftPackageReference "TCACoordinators" */;
			productName = TCACoordinators;
		};
		7BB376222CF1ADE40065EE7F /* RealmSwift */ = {
			isa = XCSwiftPackageProductDependency;
			package = 7BB376212CF1ADE40065EE7F /* XCRemoteSwiftPackageReference "realm-swift" */;
			productName = RealmSwift;
		};
		7BB377112CF229B10065EE7F /* PopupView */ = {
			isa = XCSwiftPackageProductDependency;
			package = 7BB377102CF229B10065EE7F /* XCRemoteSwiftPackageReference "PopupView" */;
			productName = PopupView;
		};
/* End XCSwiftPackageProductDependency section */
	};
	rootObject = 7BB375E62CF1AB880065EE7F /* Project object */;
}
